
Microsoft Visual Studio Solution File, Format Version 12.00
# Visual Studio 15
VisualStudioVersion = 15.0.28307.421
MinimumVisualStudioVersion = 10.0.40219.1
Project("{FAE04EC0-301F-11D3-BF4B-00C04F79EFBC}") = "Form_MF", "Form_MF\Form_MF.csproj", "{EF8975FC-5BAB-48D1-8F52-84E9C3AFE883}"
EndProject
Global
	GlobalSection(SolutionConfigurationPlatforms) = preSolution
		Debug|Any CPU = Debug|Any CPU
		Release|Any CPU = Release|Any CPU
	EndGlobalSection
	GlobalSection(ProjectConfigurationPlatforms) = postSolution
		{EF8975FC-5BAB-48D1-8F52-84E9C3AFE883}.Debug|Any CPU.ActiveCfg = Debug|Any CPU
		{EF8975FC-5BAB-48D1-8F52-84E9C3AFE883}.Debug|Any CPU.Build.0 = Debug|Any CPU
		{EF8975FC-5BAB-48D1-8F52-84E9C3AFE883}.Release|Any CPU.ActiveCfg = Release|Any CPU
		{EF8975FC-5BAB-48D1-8F52-84E9C3AFE883}.Release|Any CPU.Build.0 = Release|Any CPU
	EndGlobalSection
	GlobalSection(SolutionProperties) = preSolution
		HideSolutionNode = FALSE
	EndGlobalSection
	GlobalSection(ExtensibilityGlobals) = postSolution
		SolutionGuid = {BEFA3413-A101-40B6-828B-D76B307AC396}
	EndGlobalSection
EndGlobal
