
Microsoft Visual Studio Solution File, Format Version 12.00
# Visual Studio 15
VisualStudioVersion = 15.0.28307.421
MinimumVisualStudioVersion = 10.0.40219.1
Project("{FAE04EC0-301F-11D3-BF4B-00C04F79EFBC}") = "Héritage2", "Héritage2\Héritage2.csproj", "{C137BEAD-295C-4232-A371-BF908310C08E}"
EndProject
Global
	GlobalSection(SolutionConfigurationPlatforms) = preSolution
		Debug|Any CPU = Debug|Any CPU
		Release|Any CPU = Release|Any CPU
	EndGlobalSection
	GlobalSection(ProjectConfigurationPlatforms) = postSolution
		{C137BEAD-295C-4232-A371-BF908310C08E}.Debug|Any CPU.ActiveCfg = Debug|Any CPU
		{C137BEAD-295C-4232-A371-BF908310C08E}.Debug|Any CPU.Build.0 = Debug|Any CPU
		{C137BEAD-295C-4232-A371-BF908310C08E}.Release|Any CPU.ActiveCfg = Release|Any CPU
		{C137BEAD-295C-4232-A371-BF908310C08E}.Release|Any CPU.Build.0 = Release|Any CPU
	EndGlobalSection
	GlobalSection(SolutionProperties) = preSolution
		HideSolutionNode = FALSE
	EndGlobalSection
	GlobalSection(ExtensibilityGlobals) = postSolution
		SolutionGuid = {64D8970B-D321-4959-A361-D11590A89BCD}
	EndGlobalSection
EndGlobal
