
Microsoft Visual Studio Solution File, Format Version 12.00
# Visual Studio 15
VisualStudioVersion = 15.0.28307.421
MinimumVisualStudioVersion = 10.0.40219.1
Project("{FAE04EC0-301F-11D3-BF4B-00C04F79EFBC}") = "polymor", "polymor\polymor.csproj", "{1034D57E-2548-4D27-96ED-A5CCDD106F6C}"
EndProject
Global
	GlobalSection(SolutionConfigurationPlatforms) = preSolution
		Debug|Any CPU = Debug|Any CPU
		Release|Any CPU = Release|Any CPU
	EndGlobalSection
	GlobalSection(ProjectConfigurationPlatforms) = postSolution
		{1034D57E-2548-4D27-96ED-A5CCDD106F6C}.Debug|Any CPU.ActiveCfg = Debug|Any CPU
		{1034D57E-2548-4D27-96ED-A5CCDD106F6C}.Debug|Any CPU.Build.0 = Debug|Any CPU
		{1034D57E-2548-4D27-96ED-A5CCDD106F6C}.Release|Any CPU.ActiveCfg = Release|Any CPU
		{1034D57E-2548-4D27-96ED-A5CCDD106F6C}.Release|Any CPU.Build.0 = Release|Any CPU
	EndGlobalSection
	GlobalSection(SolutionProperties) = preSolution
		HideSolutionNode = FALSE
	EndGlobalSection
	GlobalSection(ExtensibilityGlobals) = postSolution
		SolutionGuid = {E07F999E-43BE-4542-81A0-5B7D8505F07F}
	EndGlobalSection
EndGlobal
