
Microsoft Visual Studio Solution File, Format Version 12.00
# Visual Studio 15
VisualStudioVersion = 15.0.28307.421
MinimumVisualStudioVersion = 10.0.40219.1
Project("{FAE04EC0-301F-11D3-BF4B-00C04F79EFBC}") = "Tp_delegue", "Tp_delegue\Tp_delegue.csproj", "{295480EA-24E6-406B-A1E3-1A4C9FF57B6C}"
EndProject
Project("{FAE04EC0-301F-11D3-BF4B-00C04F79EFBC}") = "Calculette", "Calculette\Calculette.csproj", "{53095BA0-9493-4960-8EEC-26A5F1483979}"
EndProject
Global
	GlobalSection(SolutionConfigurationPlatforms) = preSolution
		Debug|Any CPU = Debug|Any CPU
		Release|Any CPU = Release|Any CPU
	EndGlobalSection
	GlobalSection(ProjectConfigurationPlatforms) = postSolution
		{295480EA-24E6-406B-A1E3-1A4C9FF57B6C}.Debug|Any CPU.ActiveCfg = Debug|Any CPU
		{295480EA-24E6-406B-A1E3-1A4C9FF57B6C}.Debug|Any CPU.Build.0 = Debug|Any CPU
		{295480EA-24E6-406B-A1E3-1A4C9FF57B6C}.Release|Any CPU.ActiveCfg = Release|Any CPU
		{295480EA-24E6-406B-A1E3-1A4C9FF57B6C}.Release|Any CPU.Build.0 = Release|Any CPU
		{53095BA0-9493-4960-8EEC-26A5F1483979}.Debug|Any CPU.ActiveCfg = Debug|Any CPU
		{53095BA0-9493-4960-8EEC-26A5F1483979}.Debug|Any CPU.Build.0 = Debug|Any CPU
		{53095BA0-9493-4960-8EEC-26A5F1483979}.Release|Any CPU.ActiveCfg = Release|Any CPU
		{53095BA0-9493-4960-8EEC-26A5F1483979}.Release|Any CPU.Build.0 = Release|Any CPU
	EndGlobalSection
	GlobalSection(SolutionProperties) = preSolution
		HideSolutionNode = FALSE
	EndGlobalSection
	GlobalSection(ExtensibilityGlobals) = postSolution
		SolutionGuid = {F3F6ABB3-E18E-464D-8E2E-EC240967C523}
	EndGlobalSection
EndGlobal
